
Microsoft Visual Studio Solution File, Format Version 12.00
# Visual Studio Version 17
VisualStudioVersion = 17.3.32901.215
MinimumVisualStudioVersion = 10.0.40219.1
Project("{9A19103F-16F7-4668-BE54-9A1E7A4F7556}") = "LMSDemo", "LMSDemo\LMSDemo.csproj", "{2EECC47C-3497-4146-9723-AA4678914E40}"
EndProject
Project("{2150E333-8FDC-42A3-9474-1A3956D46DE8}") = "Web", "Web", "{B9A5E9F0-8DBB-4F9C-AA2F-4966DF4FA7F6}"
EndProject
Project("{2150E333-8FDC-42A3-9474-1A3956D46DE8}") = "Domain", "Domain", "{E1FEDA82-A16D-4151-8F25-E77F039A2BA9}"
EndProject
Project("{2150E333-8FDC-42A3-9474-1A3956D46DE8}") = "InfraStructure", "InfraStructure", "{8394CDBB-A8C9-4095-A1DB-1ACA4A360D8E}"
EndProject
Project("{2150E333-8FDC-42A3-9474-1A3956D46DE8}") = "CrossCutting", "CrossCutting", "{872815C3-3AA9-4F04-8474-648F14A5EE81}"
EndProject
Project("{FAE04EC0-301F-11D3-BF4B-00C04F79EFBC}") = "LMS.Domain", "LMS.Domain\LMS.Domain.csproj", "{3D3EE154-CBB2-4C32-9B6E-F91DBBC4BB4A}"
EndProject
Project("{FAE04EC0-301F-11D3-BF4B-00C04F79EFBC}") = "LMS.Utils", "LMS.Utils\LMS.Utils.csproj", "{916819BE-F86F-4335-B139-CC8D4D23FA39}"
EndProject
Project("{FAE04EC0-301F-11D3-BF4B-00C04F79EFBC}") = "LMS.DataAccess", "LMS.DataAccess\LMS.DataAccess.csproj", "{335C9E54-DF91-46E0-9BB0-B1C513582581}"
EndProject
Global
	GlobalSection(SolutionConfigurationPlatforms) = preSolution
		Debug|Any CPU = Debug|Any CPU
		Release|Any CPU = Release|Any CPU
	EndGlobalSection
	GlobalSection(ProjectConfigurationPlatforms) = postSolution
		{2EECC47C-3497-4146-9723-AA4678914E40}.Debug|Any CPU.ActiveCfg = Debug|Any CPU
		{2EECC47C-3497-4146-9723-AA4678914E40}.Debug|Any CPU.Build.0 = Debug|Any CPU
		{2EECC47C-3497-4146-9723-AA4678914E40}.Release|Any CPU.ActiveCfg = Release|Any CPU
		{2EECC47C-3497-4146-9723-AA4678914E40}.Release|Any CPU.Build.0 = Release|Any CPU
		{3D3EE154-CBB2-4C32-9B6E-F91DBBC4BB4A}.Debug|Any CPU.ActiveCfg = Debug|Any CPU
		{3D3EE154-CBB2-4C32-9B6E-F91DBBC4BB4A}.Debug|Any CPU.Build.0 = Debug|Any CPU
		{3D3EE154-CBB2-4C32-9B6E-F91DBBC4BB4A}.Release|Any CPU.ActiveCfg = Release|Any CPU
		{3D3EE154-CBB2-4C32-9B6E-F91DBBC4BB4A}.Release|Any CPU.Build.0 = Release|Any CPU
		{916819BE-F86F-4335-B139-CC8D4D23FA39}.Debug|Any CPU.ActiveCfg = Debug|Any CPU
		{916819BE-F86F-4335-B139-CC8D4D23FA39}.Debug|Any CPU.Build.0 = Debug|Any CPU
		{916819BE-F86F-4335-B139-CC8D4D23FA39}.Release|Any CPU.ActiveCfg = Release|Any CPU
		{916819BE-F86F-4335-B139-CC8D4D23FA39}.Release|Any CPU.Build.0 = Release|Any CPU
		{335C9E54-DF91-46E0-9BB0-B1C513582581}.Debug|Any CPU.ActiveCfg = Debug|Any CPU
		{335C9E54-DF91-46E0-9BB0-B1C513582581}.Debug|Any CPU.Build.0 = Debug|Any CPU
		{335C9E54-DF91-46E0-9BB0-B1C513582581}.Release|Any CPU.ActiveCfg = Release|Any CPU
		{335C9E54-DF91-46E0-9BB0-B1C513582581}.Release|Any CPU.Build.0 = Release|Any CPU
	EndGlobalSection
	GlobalSection(SolutionProperties) = preSolution
		HideSolutionNode = FALSE
	EndGlobalSection
	GlobalSection(NestedProjects) = preSolution
		{2EECC47C-3497-4146-9723-AA4678914E40} = {B9A5E9F0-8DBB-4F9C-AA2F-4966DF4FA7F6}
		{3D3EE154-CBB2-4C32-9B6E-F91DBBC4BB4A} = {E1FEDA82-A16D-4151-8F25-E77F039A2BA9}
		{916819BE-F86F-4335-B139-CC8D4D23FA39} = {872815C3-3AA9-4F04-8474-648F14A5EE81}
		{335C9E54-DF91-46E0-9BB0-B1C513582581} = {8394CDBB-A8C9-4095-A1DB-1ACA4A360D8E}
	EndGlobalSection
	GlobalSection(ExtensibilityGlobals) = postSolution
		SolutionGuid = {812EAF3C-ACF1-4AE0-A311-83D1B6CC831B}
	EndGlobalSection
EndGlobal
